// !$*UTF8*$!
{
	archiveVersion = 1;
	classes = {
	};
	objectVersion = 48;
	objects = {

/* Begin PBXBuildFile section */
		A62BDE7D202090CA00600E2D /* AppDelegate.m in Sources */ = {isa = PBXBuildFile; fileRef = A62BDE7C202090CA00600E2D /* AppDelegate.m */; };
		A62BDE80202090CA00600E2D /* ViewController.m in Sources */ = {isa = PBXBuildFile; fileRef = A62BDE7F202090CA00600E2D /* ViewController.m */; };
		A62BDE83202090CA00600E2D /* Main.storyboard in Resources */ = {isa = PBXBuildFile; fileRef = A62BDE81202090CA00600E2D /* Main.storyboard */; };
		A62BDE85202090CA00600E2D /* Assets.xcassets in Resources */ = {isa = PBXBuildFile; fileRef = A62BDE84202090CA00600E2D /* Assets.xcassets */; };
		A62BDE88202090CA00600E2D /* LaunchScreen.storyboard in Resources */ = {isa = PBXBuildFile; fileRef = A62BDE86202090CA00600E2D /* LaunchScreen.storyboard */; };
		A62BDE8B202090CA00600E2D /* main.m in Sources */ = {isa = PBXBuildFile; fileRef = A62BDE8A202090CA00600E2D /* main.m */; };
		A62BDE95202090CA00600E2D /* TransformTests.m in Sources */ = {isa = PBXBuildFile; fileRef = A62BDE94202090CA00600E2D /* TransformTests.m */; };
		A62BDEA0202090CA00600E2D /* TransformUITests.m in Sources */ = {isa = PBXBuildFile; fileRef = A62BDE9F202090CA00600E2D /* TransformUITests.m */; };
/* End PBXBuildFile section */

/* Begin PBXContainerItemProxy section */
		A62BDE91202090CA00600E2D /* PBXContainerItemProxy */ = {
			isa = PBXContainerItemProxy;
			containerPortal = A62BDE70202090CA00600E2D /* Project object */;
			proxyType = 1;
			remoteGlobalIDString = A62BDE77202090CA00600E2D;
			remoteInfo = Transform;
		};
		A62BDE9C202090CA00600E2D /* PBXContainerItemProxy */ = {
			isa = PBXContainerItemProxy;
			containerPortal = A62BDE70202090CA00600E2D /* Project object */;
			proxyType = 1;
			remoteGlobalIDString = A62BDE77202090CA00600E2D;
			remoteInfo = Transform;
		};
/* End PBXContainerItemProxy section */

/* Begin PBXFileReference section */
		A62BDE78202090CA00600E2D /* Transform.app */ = {isa = PBXFileReference; explicitFileType = wrapper.application; includeInIndex = 0; path = Transform.app; sourceTree = BUILT_PRODUCTS_DIR; };
		A62BDE7B202090CA00600E2D /* AppDelegate.h */ = {isa = PBXFileReference; lastKnownFileType = sourcecode.c.h; path = AppDelegate.h; sourceTree = "<group>"; };
		A62BDE7C202090CA00600E2D /* AppDelegate.m */ = {isa = PBXFileReference; lastKnownFileType = sourcecode.c.objc; path = AppDelegate.m; sourceTree = "<group>"; };
		A62BDE7E202090CA00600E2D /* ViewController.h */ = {isa = PBXFileReference; lastKnownFileType = sourcecode.c.h; path = ViewController.h; sourceTree = "<group>"; };
		A62BDE7F202090CA00600E2D /* ViewController.m */ = {isa = PBXFileReference; lastKnownFileType = sourcecode.c.objc; path = ViewController.m; sourceTree = "<group>"; };
		A62BDE82202090CA00600E2D /* Base */ = {isa = PBXFileReference; lastKnownFileType = file.storyboard; name = Base; path = Base.lproj/Main.storyboard; sourceTree = "<group>"; };
		A62BDE84202090CA00600E2D /* Assets.xcassets */ = {isa = PBXFileReference; lastKnownFileType = folder.assetcatalog; path = Assets.xcassets; sourceTree = "<group>"; };
		A62BDE87202090CA00600E2D /* Base */ = {isa = PBXFileReference; lastKnownFileType = file.storyboard; name = Base; path = Base.lproj/LaunchScreen.storyboard; sourceTree = "<group>"; };
		A62BDE89202090CA00600E2D /* Info.plist */ = {isa = PBXFileReference; lastKnownFileType = text.plist.xml; path = Info.plist; sourceTree = "<group>"; };
		A62BDE8A202090CA00600E2D /* main.m */ = {isa = PBXFileReference; lastKnownFileType = sourcecode.c.objc; path = main.m; sourceTree = "<group>"; };
		A62BDE90202090CA00600E2D /* TransformTests.xctest */ = {isa = PBXFileReference; explicitFileType = wrapper.cfbundle; includeInIndex = 0; path = TransformTests.xctest; sourceTree = BUILT_PRODUCTS_DIR; };
		A62BDE94202090CA00600E2D /* TransformTests.m */ = {isa = PBXFileReference; lastKnownFileType = sourcecode.c.objc; path = TransformTests.m; sourceTree = "<group>"; };
		A62BDE96202090CA00600E2D /* Info.plist */ = {isa = PBXFileReference; lastKnownFileType = text.plist.xml; path = Info.plist; sourceTree = "<group>"; };
		A62BDE9B202090CA00600E2D /* TransformUITests.xctest */ = {isa = PBXFileReference; explicitFileType = wrapper.cfbundle; includeInIndex = 0; path = TransformUITests.xctest; sourceTree = BUILT_PRODUCTS_DIR; };
		A62BDE9F202090CA00600E2D /* TransformUITests.m */ = {isa = PBXFileReference; lastKnownFileType = sourcecode.c.objc; path = TransformUITests.m; sourceTree = "<group>"; };
		A62BDEA1202090CA00600E2D /* Info.plist */ = {isa = PBXFileReference; lastKnownFileType = text.plist.xml; path = Info.plist; sourceTree = "<group>"; };
/* End PBXFileReference section */

/* Begin PBXFrameworksBuildPhase section */
		A62BDE75202090CA00600E2D /* Frameworks */ = {
			isa = PBXFrameworksBuildPhase;
			buildActionMask = 2147483647;
			files = (
			);
			runOnlyForDeploymentPostprocessing = 0;
		};
		A62BDE8D202090CA00600E2D /* Frameworks */ = {
			isa = PBXFrameworksBuildPhase;
			buildActionMask = 2147483647;
			files = (
			);
			runOnlyForDeploymentPostprocessing = 0;
		};
		A62BDE98202090CA00600E2D /* Frameworks */ = {
			isa = PBXFrameworksBuildPhase;
			buildActionMask = 2147483647;
			files = (
			);
			runOnlyForDeploymentPostprocessing = 0;
		};
/* End PBXFrameworksBuildPhase section */

/* Begin PBXGroup section */
		A62BDE6F202090CA00600E2D = {
			isa = PBXGroup;
			children = (
				A62BDE7A202090CA00600E2D /* Transform */,
				A62BDE93202090CA00600E2D /* TransformTests */,
				A62BDE9E202090CA00600E2D /* TransformUITests */,
				A62BDE79202090CA00600E2D /* Products */,
			);
			sourceTree = "<group>";
		};
		A62BDE79202090CA00600E2D /* Products */ = {
			isa = PBXGroup;
			children = (
				A62BDE78202090CA00600E2D /* Transform.app */,
				A62BDE90202090CA00600E2D /* TransformTests.xctest */,
				A62BDE9B202090CA00600E2D /* TransformUITests.xctest */,
			);
			name = Products;
			sourceTree = "<group>";
		};
		A62BDE7A202090CA00600E2D /* Transform */ = {
			isa = PBXGroup;
			children = (
				A62BDE7B202090CA00600E2D /* AppDelegate.h */,
				A62BDE7C202090CA00600E2D /* AppDelegate.m */,
				A62BDE7E202090CA00600E2D /* ViewController.h */,
				A62BDE7F202090CA00600E2D /* ViewController.m */,
				A62BDE81202090CA00600E2D /* Main.storyboard */,
				A62BDE84202090CA00600E2D /* Assets.xcassets */,
				A62BDE86202090CA00600E2D /* LaunchScreen.storyboard */,
				A62BDE89202090CA00600E2D /* Info.plist */,
				A62BDE8A202090CA00600E2D /* main.m */,
			);
			path = Transform;
			sourceTree = "<group>";
		};
		A62BDE93202090CA00600E2D /* TransformTests */ = {
			isa = PBXGroup;
			children = (
				A62BDE94202090CA00600E2D /* TransformTests.m */,
				A62BDE96202090CA00600E2D /* Info.plist */,
			);
			path = TransformTests;
			sourceTree = "<group>";
		};
		A62BDE9E202090CA00600E2D /* TransformUITests */ = {
			isa = PBXGroup;
			children = (
				A62BDE9F202090CA00600E2D /* TransformUITests.m */,
				A62BDEA1202090CA00600E2D /* Info.plist */,
			);
			path = TransformUITests;
			sourceTree = "<group>";
		};
/* End PBXGroup section */

/* Begin PBXNativeTarget section */
		A62BDE77202090CA00600E2D /* Transform */ = {
			isa = PBXNativeTarget;
			buildConfigurationList = A62BDEA4202090CA00600E2D /* Build configuration list for PBXNativeTarget "Transform" */;
			buildPhases = (
				A62BDE74202090CA00600E2D /* Sources */,
				A62BDE75202090CA00600E2D /* Frameworks */,
				A62BDE76202090CA00600E2D /* Resources */,
			);
			buildRules = (
			);
			dependencies = (
			);
			name = Transform;
			productName = Transform;
			productReference = A62BDE78202090CA00600E2D /* Transform.app */;
			productType = "com.apple.product-type.application";
		};
		A62BDE8F202090CA00600E2D /* TransformTests */ = {
			isa = PBXNativeTarget;
			buildConfigurationList = A62BDEA7202090CA00600E2D /* Build configuration list for PBXNativeTarget "TransformTests" */;
			buildPhases = (
				A62BDE8C202090CA00600E2D /* Sources */,
				A62BDE8D202090CA00600E2D /* Frameworks */,
				A62BDE8E202090CA00600E2D /* Resources */,
			);
			buildRules = (
			);
			dependencies = (
				A62BDE92202090CA00600E2D /* PBXTargetDependency */,
			);
			name = TransformTests;
			productName = TransformTests;
			productReference = A62BDE90202090CA00600E2D /* TransformTests.xctest */;
			productType = "com.apple.product-type.bundle.unit-test";
		};
		A62BDE9A202090CA00600E2D /* TransformUITests */ = {
			isa = PBXNativeTarget;
			buildConfigurationList = A62BDEAA202090CA00600E2D /* Build configuration list for PBXNativeTarget "TransformUITests" */;
			buildPhases = (
				A62BDE97202090CA00600E2D /* Sources */,
				A62BDE98202090CA00600E2D /* Frameworks */,
				A62BDE99202090CA00600E2D /* Resources */,
			);
			buildRules = (
			);
			dependencies = (
				A62BDE9D202090CA00600E2D /* PBXTargetDependency */,
			);
			name = TransformUITests;
			productName = TransformUITests;
			productReference = A62BDE9B202090CA00600E2D /* TransformUITests.xctest */;
			productType = "com.apple.product-type.bundle.ui-testing";
		};
/* End PBXNativeTarget section */

/* Begin PBXProject section */
		A62BDE70202090CA00600E2D /* Project object */ = {
			isa = PBXProject;
			attributes = {
				LastUpgradeCheck = 0920;
				ORGANIZATIONNAME = jyh;
				TargetAttributes = {
					A62BDE77202090CA00600E2D = {
						CreatedOnToolsVersion = 9.2;
						ProvisioningStyle = Automatic;
					};
					A62BDE8F202090CA00600E2D = {
						CreatedOnToolsVersion = 9.2;
						ProvisioningStyle = Automatic;
						TestTargetID = A62BDE77202090CA00600E2D;
					};
					A62BDE9A202090CA00600E2D = {
						CreatedOnToolsVersion = 9.2;
						ProvisioningStyle = Automatic;
						TestTargetID = A62BDE77202090CA00600E2D;
					};
				};
			};
			buildConfigurationList = A62BDE73202090CA00600E2D /* Build configuration list for PBXProject "Transform" */;
			compatibilityVersion = "Xcode 8.0";
			developmentRegion = en;
			hasScannedForEncodings = 0;
			knownRegions = (
				en,
				Base,
			);
			mainGroup = A62BDE6F202090CA00600E2D;
			productRefGroup = A62BDE79202090CA00600E2D /* Products */;
			projectDirPath = "";
			projectRoot = "";
			targets = (
				A62BDE77202090CA00600E2D /* Transform */,
				A62BDE8F202090CA00600E2D /* TransformTests */,
				A62BDE9A202090CA00600E2D /* TransformUITests */,
			);
		};
/* End PBXProject section */

/* Begin PBXResourcesBuildPhase section */
		A62BDE76202090CA00600E2D /* Resources */ = {
			isa = PBXResourcesBuildPhase;
			buildActionMask = 2147483647;
			files = (
				A62BDE88202090CA00600E2D /* LaunchScreen.storyboard in Resources */,
				A62BDE85202090CA00600E2D /* Assets.xcassets in Resources */,
				A62BDE83202090CA00600E2D /* Main.storyboard in Resources */,
			);
			runOnlyForDeploymentPostprocessing = 0;
		};
		A62BDE8E202090CA00600E2D /* Resources */ = {
			isa = PBXResourcesBuildPhase;
			buildActionMask = 2147483647;
			files = (
			);
			runOnlyForDeploymentPostprocessing = 0;
		};
		A62BDE99202090CA00600E2D /* Resources */ = {
			isa = PBXResourcesBuildPhase;
			buildActionMask = 2147483647;
			files = (
			);
			runOnlyForDeploymentPostprocessing = 0;
		};
/* End PBXResourcesBuildPhase section */

/* Begin PBXSourcesBuildPhase section */
		A62BDE74202090CA00600E2D /* Sources */ = {
			isa = PBXSourcesBuildPhase;
			buildActionMask = 2147483647;
			files = (
				A62BDE80202090CA00600E2D /* ViewController.m in Sources */,
				A62BDE8B202090CA00600E2D /* main.m in Sources */,
				A62BDE7D202090CA00600E2D /* AppDelegate.m in Sources */,
			);
			runOnlyForDeploymentPostprocessing = 0;
		};
		A62BDE8C202090CA00600E2D /* Sources */ = {
			isa = PBXSourcesBuildPhase;
			buildActionMask = 2147483647;
			files = (
				A62BDE95202090CA00600E2D /* TransformTests.m in Sources */,
			);
			runOnlyForDeploymentPostprocessing = 0;
		};
		A62BDE97202090CA00600E2D /* Sources */ = {
			isa = PBXSourcesBuildPhase;
			buildActionMask = 2147483647;
			files = (
				A62BDEA0202090CA00600E2D /* TransformUITests.m in Sources */,
			);
			runOnlyForDeploymentPostprocessing = 0;
		};
/* End PBXSourcesBuildPhase section */

/* Begin PBXTargetDependency section */
		A62BDE92202090CA00600E2D /* PBXTargetDependency */ = {
			isa = PBXTargetDependency;
			target = A62BDE77202090CA00600E2D /* Transform */;
			targetProxy = A62BDE91202090CA00600E2D /* PBXContainerItemProxy */;
		};
		A62BDE9D202090CA00600E2D /* PBXTargetDependency */ = {
			isa = PBXTargetDependency;
			target = A62BDE77202090CA00600E2D /* Transform */;
			targetProxy = A62BDE9C202090CA00600E2D /* PBXContainerItemProxy */;
		};
/* End PBXTargetDependency section */

/* Begin PBXVariantGroup section */
		A62BDE81202090CA00600E2D /* Main.storyboard */ = {
			isa = PBXVariantGroup;
			children = (
				A62BDE82202090CA00600E2D /* Base */,
			);
			name = Main.storyboard;
			sourceTree = "<group>";
		};
		A62BDE86202090CA00600E2D /* LaunchScreen.storyboard */ = {
			isa = PBXVariantGroup;
			children = (
				A62BDE87202090CA00600E2D /* Base */,
			);
			name = LaunchScreen.storyboard;
			sourceTree = "<group>";
		};
/* End PBXVariantGroup section */

/* Begin XCBuildConfiguration section */
		A62BDEA2202090CA00600E2D /* Debug */ = {
			isa = XCBuildConfiguration;
			buildSettings = {
				ALWAYS_SEARCH_USER_PATHS = NO;
				CLANG_ANALYZER_NONNULL = YES;
				CLANG_ANALYZER_NUMBER_OBJECT_CONVERSION = YES_AGGRESSIVE;
				CLANG_CXX_LANGUAGE_STANDARD = "gnu++14";
				CLANG_CXX_LIBRARY = "libc++";
				CLANG_ENABLE_MODULES = YES;
				CLANG_ENABLE_OBJC_ARC = YES;
				CLANG_WARN_BLOCK_CAPTURE_AUTORELEASING = YES;
				CLANG_WARN_BOOL_CONVERSION = YES;
				CLANG_WARN_COMMA = YES;
				CLANG_WARN_CONSTANT_CONVERSION = YES;
				CLANG_WARN_DIRECT_OBJC_ISA_USAGE = YES_ERROR;
				CLANG_WARN_DOCUMENTATION_COMMENTS = YES;
				CLANG_WARN_EMPTY_BODY = YES;
				CLANG_WARN_ENUM_CONVERSION = YES;
				CLANG_WARN_INFINITE_RECURSION = YES;
				CLANG_WARN_INT_CONVERSION = YES;
				CLANG_WARN_NON_LITERAL_NULL_CONVERSION = YES;
				CLANG_WARN_OBJC_LITERAL_CONVERSION = YES;
				CLANG_WARN_OBJC_ROOT_CLASS = YES_ERROR;
				CLANG_WARN_RANGE_LOOP_ANALYSIS = YES;
				CLANG_WARN_STRICT_PROTOTYPES = YES;
				CLANG_WARN_SUSPICIOUS_MOVE = YES;
				CLANG_WARN_UNGUARDED_AVAILABILITY = YES_AGGRESSIVE;
				CLANG_WARN_UNREACHABLE_CODE = YES;
				CLANG_WARN__DUPLICATE_METHOD_MATCH = YES;
				CODE_SIGN_IDENTITY = "iPhone Developer";
				COPY_PHASE_STRIP = NO;
				DEBUG_INFORMATION_FORMAT = dwarf;
				ENABLE_STRICT_OBJC_MSGSEND = YES;
				ENABLE_TESTABILITY = YES;
				GCC_C_LANGUAGE_STANDARD = gnu11;
				GCC_DYNAMIC_NO_PIC = NO;
				GCC_NO_COMMON_BLOCKS = YES;
				GCC_OPTIMIZATION_LEVEL = 0;
				GCC_PREPROCESSOR_DEFINITIONS = (
					"DEBUG=1",
					"$(inherited)",
				);
				GCC_WARN_64_TO_32_BIT_CONVERSION = YES;
				GCC_WARN_ABOUT_RETURN_TYPE = YES_ERROR;
				GCC_WARN_UNDECLARED_SELECTOR = YES;
				GCC_WARN_UNINITIALIZED_AUTOS = YES_AGGRESSIVE;
				GCC_WARN_UNUSED_FUNCTION = YES;
				GCC_WARN_UNUSED_VARIABLE = YES;
				IPHONEOS_DEPLOYMENT_TARGET = 11.2;
				MTL_ENABLE_DEBUG_INFO = YES;
				ONLY_ACTIVE_ARCH = YES;
				SDKROOT = iphoneos;
			};
			name = Debug;
		};
		A62BDEA3202090CA00600E2D /* Release */ = {
			isa = XCBuildConfiguration;
			buildSettings = {
				ALWAYS_SEARCH_USER_PATHS = NO;
				CLANG_ANALYZER_NONNULL = YES;
				CLANG_ANALYZER_NUMBER_OBJECT_CONVERSION = YES_AGGRESSIVE;
				CLANG_CXX_LANGUAGE_STANDARD = "gnu++14";
				CLANG_CXX_LIBRARY = "libc++";
				CLANG_ENABLE_MODULES = YES;
				CLANG_ENABLE_OBJC_ARC = YES;
				CLANG_WARN_BLOCK_CAPTURE_AUTORELEASING = YES;
				CLANG_WARN_BOOL_CONVERSION = YES;
				CLANG_WARN_COMMA = YES;
				CLANG_WARN_CONSTANT_CONVERSION = YES;
				CLANG_WARN_DIRECT_OBJC_ISA_USAGE = YES_ERROR;
				CLANG_WARN_DOCUMENTATION_COMMENTS = YES;
				CLANG_WARN_EMPTY_BODY = YES;
				CLANG_WARN_ENUM_CONVERSION = YES;
				CLANG_WARN_INFINITE_RECURSION = YES;
				CLANG_WARN_INT_CONVERSION = YES;
				CLANG_WARN_NON_LITERAL_NULL_CONVERSION = YES;
				CLANG_WARN_OBJC_LITERAL_CONVERSION = YES;
				CLANG_WARN_OBJC_ROOT_CLASS = YES_ERROR;
				CLANG_WARN_RANGE_LOOP_ANALYSIS = YES;
				CLANG_WARN_STRICT_PROTOTYPES = YES;
				CLANG_WARN_SUSPICIOUS_MOVE = YES;
				CLANG_WARN_UNGUARDED_AVAILABILITY = YES_AGGRESSIVE;
				CLANG_WARN_UNREACHABLE_CODE = YES;
				CLANG_WARN__DUPLICATE_METHOD_MATCH = YES;
				CODE_SIGN_IDENTITY = "iPhone Developer";
				COPY_PHASE_STRIP = NO;
				DEBUG_INFORMATION_FORMAT = "dwarf-with-dsym";
				ENABLE_NS_ASSERTIONS = NO;
				ENABLE_STRICT_OBJC_MSGSEND = YES;
				GCC_C_LANGUAGE_STANDARD = gnu11;
				GCC_NO_COMMON_BLOCKS = YES;
				GCC_WARN_64_TO_32_BIT_CONVERSION = YES;
				GCC_WARN_ABOUT_RETURN_TYPE = YES_ERROR;
				GCC_WARN_UNDECLARED_SELECTOR = YES;
				GCC_WARN_UNINITIALIZED_AUTOS = YES_AGGRESSIVE;
				GCC_WARN_UNUSED_FUNCTION = YES;
				GCC_WARN_UNUSED_VARIABLE = YES;
				IPHONEOS_DEPLOYMENT_TARGET = 11.2;
				MTL_ENABLE_DEBUG_INFO = NO;
				SDKROOT = iphoneos;
				VALIDATE_PRODUCT = YES;
			};
			name = Release;
		};
		A62BDEA5202090CA00600E2D /* Debug */ = {
			isa = XCBuildConfiguration;
			buildSettings = {
				ASSETCATALOG_COMPILER_APPICON_NAME = AppIcon;
				CODE_SIGN_STYLE = Automatic;
				INFOPLIST_FILE = Transform/Info.plist;
				LD_RUNPATH_SEARCH_PATHS = "$(inherited) @executable_path/Frameworks";
				PRODUCT_BUNDLE_IDENTIFIER = com.huihui.aa.Transform;
				PRODUCT_NAME = "$(TARGET_NAME)";
				TARGETED_DEVICE_FAMILY = "1,2";
			};
			name = Debug;
		};
		A62BDEA6202090CA00600E2D /* Release */ = {
			isa = XCBuildConfiguration;
			buildSettings = {
				ASSETCATALOG_COMPILER_APPICON_NAME = AppIcon;
				CODE_SIGN_STYLE = Automatic;
				INFOPLIST_FILE = Transform/Info.plist;
				LD_RUNPATH_SEARCH_PATHS = "$(inherited) @executable_path/Frameworks";
				PRODUCT_BUNDLE_IDENTIFIER = com.huihui.aa.Transform;
				PRODUCT_NAME = "$(TARGET_NAME)";
				TARGETED_DEVICE_FAMILY = "1,2";
			};
			name = Release;
		};
		A62BDEA8202090CA00600E2D /* Debug */ = {
			isa = XCBuildConfiguration;
			buildSettings = {
				BUNDLE_LOADER = "$(TEST_HOST)";
				CODE_SIGN_STYLE = Automatic;
				INFOPLIST_FILE = TransformTests/Info.plist;
				LD_RUNPATH_SEARCH_PATHS = "$(inherited) @executable_path/Frameworks @loader_path/Frameworks";
				PRODUCT_BUNDLE_IDENTIFIER = com.huihui.aa.TransformTests;
				PRODUCT_NAME = "$(TARGET_NAME)";
				TARGETED_DEVICE_FAMILY = "1,2";
				TEST_HOST = "$(BUILT_PRODUCTS_DIR)/Transform.app/Transform";
			};
			name = Debug;
		};
		A62BDEA9202090CA00600E2D /* Release */ = {
			isa = XCBuildConfiguration;
			buildSettings = {
				BUNDLE_LOADER = "$(TEST_HOST)";
				CODE_SIGN_STYLE = Automatic;
				INFOPLIST_FILE = TransformTests/Info.plist;
				LD_RUNPATH_SEARCH_PATHS = "$(inherited) @executable_path/Frameworks @loader_path/Frameworks";
				PRODUCT_BUNDLE_IDENTIFIER = com.huihui.aa.TransformTests;
				PRODUCT_NAME = "$(TARGET_NAME)";
				TARGETED_DEVICE_FAMILY = "1,2";
				TEST_HOST = "$(BUILT_PRODUCTS_DIR)/Transform.app/Transform";
			};
			name = Release;
		};
		A62BDEAB202090CA00600E2D /* Debug */ = {
			isa = XCBuildConfiguration;
			buildSettings = {
				CODE_SIGN_STYLE = Automatic;
				INFOPLIST_FILE = TransformUITests/Info.plist;
				LD_RUNPATH_SEARCH_PATHS = "$(inherited) @executable_path/Frameworks @loader_path/Frameworks";
				PRODUCT_BUNDLE_IDENTIFIER = com.huihui.aa.TransformUITests;
				PRODUCT_NAME = "$(TARGET_NAME)";
				TARGETED_DEVICE_FAMILY = "1,2";
				TEST_TARGET_NAME = Transform;
			};
			name = Debug;
		};
		A62BDEAC202090CA00600E2D /* Release */ = {
			isa = XCBuildConfiguration;
			buildSettings = {
				CODE_SIGN_STYLE = Automatic;
				INFOPLIST_FILE = TransformUITests/Info.plist;
				LD_RUNPATH_SEARCH_PATHS = "$(inherited) @executable_path/Frameworks @loader_path/Frameworks";
				PRODUCT_BUNDLE_IDENTIFIER = com.huihui.aa.TransformUITests;
				PRODUCT_NAME = "$(TARGET_NAME)";
				TARGETED_DEVICE_FAMILY = "1,2";
				TEST_TARGET_NAME = Transform;
			};
			name = Release;
		};
/* End XCBuildConfiguration section */

/* Begin XCConfigurationList section */
		A62BDE73202090CA00600E2D /* Build configuration list for PBXProject "Transform" */ = {
			isa = XCConfigurationList;
			buildConfigurations = (
				A62BDEA2202090CA00600E2D /* Debug */,
				A62BDEA3202090CA00600E2D /* Release */,
			);
			defaultConfigurationIsVisible = 0;
			defaultConfigurationName = Release;
		};
		A62BDEA4202090CA00600E2D /* Build configuration list for PBXNativeTarget "Transform" */ = {
			isa = XCConfigurationList;
			buildConfigurations = (
				A62BDEA5202090CA00600E2D /* Debug */,
				A62BDEA6202090CA00600E2D /* Release */,
			);
			defaultConfigurationIsVisible = 0;
			defaultConfigurationName = Release;
		};
		A62BDEA7202090CA00600E2D /* Build configuration list for PBXNativeTarget "TransformTests" */ = {
			isa = XCConfigurationList;
			buildConfigurations = (
				A62BDEA8202090CA00600E2D /* Debug */,
				A62BDEA9202090CA00600E2D /* Release */,
			);
			defaultConfigurationIsVisible = 0;
			defaultConfigurationName = Release;
		};
		A62BDEAA202090CA00600E2D /* Build configuration list for PBXNativeTarget "TransformUITests" */ = {
			isa = XCConfigurationList;
			buildConfigurations = (
				A62BDEAB202090CA00600E2D /* Debug */,
				A62BDEAC202090CA00600E2D /* Release */,
			);
			defaultConfigurationIsVisible = 0;
			defaultConfigurationName = Release;
		};
/* End XCConfigurationList section */
	};
	rootObject = A62BDE70202090CA00600E2D /* Project object */;
}
