PODS:
  - CocoaAsyncSocket (7.6.2)
  - CocoaLumberjack (3.4.1):
    - CocoaLumberjack/Default (= 3.4.1)
    - CocoaLumberjack/Extensions (= 3.4.1)
  - CocoaLumberjack/Default (3.4.1)
  - CocoaLumberjack/Extensions (3.4.1):
    - CocoaLumberjack/Default
  - KissXML (5.2.2)
  - XMPPFramework (3.7.0):
    - CocoaAsyncSocket (~> 7.6.0)
    - CocoaLumberjack
    - KissXML (~> 5.2.0)

DEPENDENCIES:
  - XMPPFramework (~> 3.7.0)

SPEC CHECKSUMS:
  CocoaAsyncSocket: 3541e024f48c54b251638ef72d51dd42808de932
  CocoaLumberjack: 2e258a064cacc8eb9a2aca318e24d02a0a7fd56d
  KissXML: 4418f32138aec43797891845d682b00fc8cd4677
  XMPPFramework: 6f99ad1afcdb0cdbec7192a8e4c542c3fc3de6f8

PODFILE CHECKSUM: 1f0ca7f38b543f86616ab9416e9eaa87c55ebe68

COCOAPODS: 1.4.0
