// !$*UTF8*$!
{
	archiveVersion = 1;
	classes = {
	};
	objectVersion = 46;
	objects = {

/* Begin PBXBuildFile section */
		A631E5F4201A0A05006E5E19 /* Buyer.m in Sources */ = {isa = PBXBuildFile; fileRef = A631E5F3201A0A05006E5E19 /* Buyer.m */; };
		A631E5F7201A0A1B006E5E19 /* Seller.m in Sources */ = {isa = PBXBuildFile; fileRef = A631E5F6201A0A1B006E5E19 /* Seller.m */; };
		A631E5FA201A0AAA006E5E19 /* Goods.m in Sources */ = {isa = PBXBuildFile; fileRef = A631E5F9201A0AAA006E5E19 /* Goods.m */; };
		A668F9BA201A05550067F73C /* main.m in Sources */ = {isa = PBXBuildFile; fileRef = A668F9B9201A05550067F73C /* main.m */; };
		A668F9C2201A056C0067F73C /* Person.m in Sources */ = {isa = PBXBuildFile; fileRef = A668F9C1201A056C0067F73C /* Person.m */; };
/* End PBXBuildFile section */

/* Begin PBXCopyFilesBuildPhase section */
		A668F9B4201A05550067F73C /* CopyFiles */ = {
			isa = PBXCopyFilesBuildPhase;
			buildActionMask = 2147483647;
			dstPath = /usr/share/man/man1/;
			dstSubfolderSpec = 0;
			files = (
			);
			runOnlyForDeploymentPostprocessing = 1;
		};
/* End PBXCopyFilesBuildPhase section */

/* Begin PBXFileReference section */
		A631E5F2201A0A05006E5E19 /* Buyer.h */ = {isa = PBXFileReference; fileEncoding = 4; lastKnownFileType = sourcecode.c.h; path = Buyer.h; sourceTree = "<group>"; };
		A631E5F3201A0A05006E5E19 /* Buyer.m */ = {isa = PBXFileReference; fileEncoding = 4; lastKnownFileType = sourcecode.c.objc; path = Buyer.m; sourceTree = "<group>"; };
		A631E5F5201A0A1B006E5E19 /* Seller.h */ = {isa = PBXFileReference; fileEncoding = 4; lastKnownFileType = sourcecode.c.h; path = Seller.h; sourceTree = "<group>"; };
		A631E5F6201A0A1B006E5E19 /* Seller.m */ = {isa = PBXFileReference; fileEncoding = 4; lastKnownFileType = sourcecode.c.objc; path = Seller.m; sourceTree = "<group>"; };
		A631E5F8201A0AAA006E5E19 /* Goods.h */ = {isa = PBXFileReference; fileEncoding = 4; lastKnownFileType = sourcecode.c.h; path = Goods.h; sourceTree = "<group>"; };
		A631E5F9201A0AAA006E5E19 /* Goods.m */ = {isa = PBXFileReference; fileEncoding = 4; lastKnownFileType = sourcecode.c.objc; path = Goods.m; sourceTree = "<group>"; };
		A668F9B6201A05550067F73C /* dslx */ = {isa = PBXFileReference; explicitFileType = "compiled.mach-o.executable"; includeInIndex = 0; path = dslx; sourceTree = BUILT_PRODUCTS_DIR; };
		A668F9B9201A05550067F73C /* main.m */ = {isa = PBXFileReference; lastKnownFileType = sourcecode.c.objc; path = main.m; sourceTree = "<group>"; };
		A668F9C0201A056C0067F73C /* Person.h */ = {isa = PBXFileReference; fileEncoding = 4; lastKnownFileType = sourcecode.c.h; path = Person.h; sourceTree = "<group>"; };
		A668F9C1201A056C0067F73C /* Person.m */ = {isa = PBXFileReference; fileEncoding = 4; lastKnownFileType = sourcecode.c.objc; path = Person.m; sourceTree = "<group>"; };
/* End PBXFileReference section */

/* Begin PBXFrameworksBuildPhase section */
		A668F9B3201A05550067F73C /* Frameworks */ = {
			isa = PBXFrameworksBuildPhase;
			buildActionMask = 2147483647;
			files = (
			);
			runOnlyForDeploymentPostprocessing = 0;
		};
/* End PBXFrameworksBuildPhase section */

/* Begin PBXGroup section */
		A668F9AD201A05550067F73C = {
			isa = PBXGroup;
			children = (
				A668F9B8201A05550067F73C /* dslx */,
				A668F9B7201A05550067F73C /* Products */,
			);
			sourceTree = "<group>";
		};
		A668F9B7201A05550067F73C /* Products */ = {
			isa = PBXGroup;
			children = (
				A668F9B6201A05550067F73C /* dslx */,
			);
			name = Products;
			sourceTree = "<group>";
		};
		A668F9B8201A05550067F73C /* dslx */ = {
			isa = PBXGroup;
			children = (
				A668F9B9201A05550067F73C /* main.m */,
				A668F9C0201A056C0067F73C /* Person.h */,
				A668F9C1201A056C0067F73C /* Person.m */,
				A631E5F2201A0A05006E5E19 /* Buyer.h */,
				A631E5F3201A0A05006E5E19 /* Buyer.m */,
				A631E5F5201A0A1B006E5E19 /* Seller.h */,
				A631E5F6201A0A1B006E5E19 /* Seller.m */,
				A631E5F8201A0AAA006E5E19 /* Goods.h */,
				A631E5F9201A0AAA006E5E19 /* Goods.m */,
			);
			path = dslx;
			sourceTree = "<group>";
		};
/* End PBXGroup section */

/* Begin PBXNativeTarget section */
		A668F9B5201A05550067F73C /* dslx */ = {
			isa = PBXNativeTarget;
			buildConfigurationList = A668F9BD201A05550067F73C /* Build configuration list for PBXNativeTarget "dslx" */;
			buildPhases = (
				A668F9B2201A05550067F73C /* Sources */,
				A668F9B3201A05550067F73C /* Frameworks */,
				A668F9B4201A05550067F73C /* CopyFiles */,
			);
			buildRules = (
			);
			dependencies = (
			);
			name = dslx;
			productName = dslx;
			productReference = A668F9B6201A05550067F73C /* dslx */;
			productType = "com.apple.product-type.tool";
		};
/* End PBXNativeTarget section */

/* Begin PBXProject section */
		A668F9AE201A05550067F73C /* Project object */ = {
			isa = PBXProject;
			attributes = {
				LastUpgradeCheck = 0830;
				ORGANIZATIONNAME = jyh;
				TargetAttributes = {
					A668F9B5201A05550067F73C = {
						CreatedOnToolsVersion = 8.3.3;
						ProvisioningStyle = Automatic;
					};
				};
			};
			buildConfigurationList = A668F9B1201A05550067F73C /* Build configuration list for PBXProject "dslx" */;
			compatibilityVersion = "Xcode 3.2";
			developmentRegion = English;
			hasScannedForEncodings = 0;
			knownRegions = (
				en,
			);
			mainGroup = A668F9AD201A05550067F73C;
			productRefGroup = A668F9B7201A05550067F73C /* Products */;
			projectDirPath = "";
			projectRoot = "";
			targets = (
				A668F9B5201A05550067F73C /* dslx */,
			);
		};
/* End PBXProject section */

/* Begin PBXSourcesBuildPhase section */
		A668F9B2201A05550067F73C /* Sources */ = {
			isa = PBXSourcesBuildPhase;
			buildActionMask = 2147483647;
			files = (
				A631E5F4201A0A05006E5E19 /* Buyer.m in Sources */,
				A668F9C2201A056C0067F73C /* Person.m in Sources */,
				A631E5FA201A0AAA006E5E19 /* Goods.m in Sources */,
				A668F9BA201A05550067F73C /* main.m in Sources */,
				A631E5F7201A0A1B006E5E19 /* Seller.m in Sources */,
			);
			runOnlyForDeploymentPostprocessing = 0;
		};
/* End PBXSourcesBuildPhase section */

/* Begin XCBuildConfiguration section */
		A668F9BB201A05550067F73C /* Debug */ = {
			isa = XCBuildConfiguration;
			buildSettings = {
				ALWAYS_SEARCH_USER_PATHS = NO;
				CLANG_ANALYZER_NONNULL = YES;
				CLANG_ANALYZER_NUMBER_OBJECT_CONVERSION = YES_AGGRESSIVE;
				CLANG_CXX_LANGUAGE_STANDARD = "gnu++0x";
				CLANG_CXX_LIBRARY = "libc++";
				CLANG_ENABLE_MODULES = YES;
				CLANG_ENABLE_OBJC_ARC = YES;
				CLANG_WARN_BOOL_CONVERSION = YES;
				CLANG_WARN_CONSTANT_CONVERSION = YES;
				CLANG_WARN_DIRECT_OBJC_ISA_USAGE = YES_ERROR;
				CLANG_WARN_DOCUMENTATION_COMMENTS = YES;
				CLANG_WARN_EMPTY_BODY = YES;
				CLANG_WARN_ENUM_CONVERSION = YES;
				CLANG_WARN_INFINITE_RECURSION = YES;
				CLANG_WARN_INT_CONVERSION = YES;
				CLANG_WARN_OBJC_ROOT_CLASS = YES_ERROR;
				CLANG_WARN_SUSPICIOUS_MOVE = YES;
				CLANG_WARN_UNREACHABLE_CODE = YES;
				CLANG_WARN__DUPLICATE_METHOD_MATCH = YES;
				CODE_SIGN_IDENTITY = "-";
				COPY_PHASE_STRIP = NO;
				DEBUG_INFORMATION_FORMAT = dwarf;
				ENABLE_STRICT_OBJC_MSGSEND = YES;
				ENABLE_TESTABILITY = YES;
				GCC_C_LANGUAGE_STANDARD = gnu99;
				GCC_DYNAMIC_NO_PIC = NO;
				GCC_NO_COMMON_BLOCKS = YES;
				GCC_OPTIMIZATION_LEVEL = 0;
				GCC_PREPROCESSOR_DEFINITIONS = (
					"DEBUG=1",
					"$(inherited)",
				);
				GCC_WARN_64_TO_32_BIT_CONVERSION = YES;
				GCC_WARN_ABOUT_RETURN_TYPE = YES_ERROR;
				GCC_WARN_UNDECLARED_SELECTOR = YES;
				GCC_WARN_UNINITIALIZED_AUTOS = YES_AGGRESSIVE;
				GCC_WARN_UNUSED_FUNCTION = YES;
				GCC_WARN_UNUSED_VARIABLE = YES;
				MACOSX_DEPLOYMENT_TARGET = 10.12;
				MTL_ENABLE_DEBUG_INFO = YES;
				ONLY_ACTIVE_ARCH = YES;
				SDKROOT = macosx;
			};
			name = Debug;
		};
		A668F9BC201A05550067F73C /* Release */ = {
			isa = XCBuildConfiguration;
			buildSettings = {
				ALWAYS_SEARCH_USER_PATHS = NO;
				CLANG_ANALYZER_NONNULL = YES;
				CLANG_ANALYZER_NUMBER_OBJECT_CONVERSION = YES_AGGRESSIVE;
				CLANG_CXX_LANGUAGE_STANDARD = "gnu++0x";
				CLANG_CXX_LIBRARY = "libc++";
				CLANG_ENABLE_MODULES = YES;
				CLANG_ENABLE_OBJC_ARC = YES;
				CLANG_WARN_BOOL_CONVERSION = YES;
				CLANG_WARN_CONSTANT_CONVERSION = YES;
				CLANG_WARN_DIRECT_OBJC_ISA_USAGE = YES_ERROR;
				CLANG_WARN_DOCUMENTATION_COMMENTS = YES;
				CLANG_WARN_EMPTY_BODY = YES;
				CLANG_WARN_ENUM_CONVERSION = YES;
				CLANG_WARN_INFINITE_RECURSION = YES;
				CLANG_WARN_INT_CONVERSION = YES;
				CLANG_WARN_OBJC_ROOT_CLASS = YES_ERROR;
				CLANG_WARN_SUSPICIOUS_MOVE = YES;
				CLANG_WARN_UNREACHABLE_CODE = YES;
				CLANG_WARN__DUPLICATE_METHOD_MATCH = YES;
				CODE_SIGN_IDENTITY = "-";
				COPY_PHASE_STRIP = NO;
				DEBUG_INFORMATION_FORMAT = "dwarf-with-dsym";
				ENABLE_NS_ASSERTIONS = NO;
				ENABLE_STRICT_OBJC_MSGSEND = YES;
				GCC_C_LANGUAGE_STANDARD = gnu99;
				GCC_NO_COMMON_BLOCKS = YES;
				GCC_WARN_64_TO_32_BIT_CONVERSION = YES;
				GCC_WARN_ABOUT_RETURN_TYPE = YES_ERROR;
				GCC_WARN_UNDECLARED_SELECTOR = YES;
				GCC_WARN_UNINITIALIZED_AUTOS = YES_AGGRESSIVE;
				GCC_WARN_UNUSED_FUNCTION = YES;
				GCC_WARN_UNUSED_VARIABLE = YES;
				MACOSX_DEPLOYMENT_TARGET = 10.12;
				MTL_ENABLE_DEBUG_INFO = NO;
				SDKROOT = macosx;
			};
			name = Release;
		};
		A668F9BE201A05550067F73C /* Debug */ = {
			isa = XCBuildConfiguration;
			buildSettings = {
				CLANG_ENABLE_OBJC_ARC = YES;
				PRODUCT_NAME = "$(TARGET_NAME)";
			};
			name = Debug;
		};
		A668F9BF201A05550067F73C /* Release */ = {
			isa = XCBuildConfiguration;
			buildSettings = {
				CLANG_ENABLE_OBJC_ARC = YES;
				PRODUCT_NAME = "$(TARGET_NAME)";
			};
			name = Release;
		};
/* End XCBuildConfiguration section */

/* Begin XCConfigurationList section */
		A668F9B1201A05550067F73C /* Build configuration list for PBXProject "dslx" */ = {
			isa = XCConfigurationList;
			buildConfigurations = (
				A668F9BB201A05550067F73C /* Debug */,
				A668F9BC201A05550067F73C /* Release */,
			);
			defaultConfigurationIsVisible = 0;
			defaultConfigurationName = Release;
		};
		A668F9BD201A05550067F73C /* Build configuration list for PBXNativeTarget "dslx" */ = {
			isa = XCConfigurationList;
			buildConfigurations = (
				A668F9BE201A05550067F73C /* Debug */,
				A668F9BF201A05550067F73C /* Release */,
			);
			defaultConfigurationIsVisible = 0;
			defaultConfigurationName = Release;
		};
/* End XCConfigurationList section */
	};
	rootObject = A668F9AE201A05550067F73C /* Project object */;
}
