// !$*UTF8*$!
{
	archiveVersion = 1;
	classes = {
	};
	objectVersion = 48;
	objects = {

/* Begin PBXBuildFile section */
		A6A9D5DD20335131006559E1 /* AppDelegate.m in Sources */ = {isa = PBXBuildFile; fileRef = A6A9D5DC20335131006559E1 /* AppDelegate.m */; };
		A6A9D5E020335131006559E1 /* ViewController.m in Sources */ = {isa = PBXBuildFile; fileRef = A6A9D5DF20335131006559E1 /* ViewController.m */; };
		A6A9D5E320335131006559E1 /* Main.storyboard in Resources */ = {isa = PBXBuildFile; fileRef = A6A9D5E120335131006559E1 /* Main.storyboard */; };
		A6A9D5E520335131006559E1 /* Assets.xcassets in Resources */ = {isa = PBXBuildFile; fileRef = A6A9D5E420335131006559E1 /* Assets.xcassets */; };
		A6A9D5E820335131006559E1 /* LaunchScreen.storyboard in Resources */ = {isa = PBXBuildFile; fileRef = A6A9D5E620335131006559E1 /* LaunchScreen.storyboard */; };
		A6A9D5EB20335131006559E1 /* main.m in Sources */ = {isa = PBXBuildFile; fileRef = A6A9D5EA20335131006559E1 /* main.m */; };
		A6A9D5F520335131006559E1 /* Modal__Tests.m in Sources */ = {isa = PBXBuildFile; fileRef = A6A9D5F420335131006559E1 /* Modal__Tests.m */; };
		A6A9D60020335131006559E1 /* Modal__UITests.m in Sources */ = {isa = PBXBuildFile; fileRef = A6A9D5FF20335131006559E1 /* Modal__UITests.m */; };
		A6A9D60F20335143006559E1 /* ViewController1.m in Sources */ = {isa = PBXBuildFile; fileRef = A6A9D60E20335143006559E1 /* ViewController1.m */; };
/* End PBXBuildFile section */

/* Begin PBXContainerItemProxy section */
		A6A9D5F120335131006559E1 /* PBXContainerItemProxy */ = {
			isa = PBXContainerItemProxy;
			containerPortal = A6A9D5D020335131006559E1 /* Project object */;
			proxyType = 1;
			remoteGlobalIDString = A6A9D5D720335131006559E1;
			remoteInfo = "Modal跳转";
		};
		A6A9D5FC20335131006559E1 /* PBXContainerItemProxy */ = {
			isa = PBXContainerItemProxy;
			containerPortal = A6A9D5D020335131006559E1 /* Project object */;
			proxyType = 1;
			remoteGlobalIDString = A6A9D5D720335131006559E1;
			remoteInfo = "Modal跳转";
		};
/* End PBXContainerItemProxy section */

/* Begin PBXFileReference section */
		A6A9D5D820335131006559E1 /* Modal跳转.app */ = {isa = PBXFileReference; explicitFileType = wrapper.application; includeInIndex = 0; path = "Modal跳转.app"; sourceTree = BUILT_PRODUCTS_DIR; };
		A6A9D5DB20335131006559E1 /* AppDelegate.h */ = {isa = PBXFileReference; lastKnownFileType = sourcecode.c.h; path = AppDelegate.h; sourceTree = "<group>"; };
		A6A9D5DC20335131006559E1 /* AppDelegate.m */ = {isa = PBXFileReference; lastKnownFileType = sourcecode.c.objc; path = AppDelegate.m; sourceTree = "<group>"; };
		A6A9D5DE20335131006559E1 /* ViewController.h */ = {isa = PBXFileReference; lastKnownFileType = sourcecode.c.h; path = ViewController.h; sourceTree = "<group>"; };
		A6A9D5DF20335131006559E1 /* ViewController.m */ = {isa = PBXFileReference; lastKnownFileType = sourcecode.c.objc; path = ViewController.m; sourceTree = "<group>"; };
		A6A9D5E220335131006559E1 /* Base */ = {isa = PBXFileReference; lastKnownFileType = file.storyboard; name = Base; path = Base.lproj/Main.storyboard; sourceTree = "<group>"; };
		A6A9D5E420335131006559E1 /* Assets.xcassets */ = {isa = PBXFileReference; lastKnownFileType = folder.assetcatalog; path = Assets.xcassets; sourceTree = "<group>"; };
		A6A9D5E720335131006559E1 /* Base */ = {isa = PBXFileReference; lastKnownFileType = file.storyboard; name = Base; path = Base.lproj/LaunchScreen.storyboard; sourceTree = "<group>"; };
		A6A9D5E920335131006559E1 /* Info.plist */ = {isa = PBXFileReference; lastKnownFileType = text.plist.xml; path = Info.plist; sourceTree = "<group>"; };
		A6A9D5EA20335131006559E1 /* main.m */ = {isa = PBXFileReference; lastKnownFileType = sourcecode.c.objc; path = main.m; sourceTree = "<group>"; };
		A6A9D5F020335131006559E1 /* Modal跳转Tests.xctest */ = {isa = PBXFileReference; explicitFileType = wrapper.cfbundle; includeInIndex = 0; path = "Modal跳转Tests.xctest"; sourceTree = BUILT_PRODUCTS_DIR; };
		A6A9D5F420335131006559E1 /* Modal__Tests.m */ = {isa = PBXFileReference; lastKnownFileType = sourcecode.c.objc; path = Modal__Tests.m; sourceTree = "<group>"; };
		A6A9D5F620335131006559E1 /* Info.plist */ = {isa = PBXFileReference; lastKnownFileType = text.plist.xml; path = Info.plist; sourceTree = "<group>"; };
		A6A9D5FB20335131006559E1 /* Modal跳转UITests.xctest */ = {isa = PBXFileReference; explicitFileType = wrapper.cfbundle; includeInIndex = 0; path = "Modal跳转UITests.xctest"; sourceTree = BUILT_PRODUCTS_DIR; };
		A6A9D5FF20335131006559E1 /* Modal__UITests.m */ = {isa = PBXFileReference; lastKnownFileType = sourcecode.c.objc; path = Modal__UITests.m; sourceTree = "<group>"; };
		A6A9D60120335131006559E1 /* Info.plist */ = {isa = PBXFileReference; lastKnownFileType = text.plist.xml; path = Info.plist; sourceTree = "<group>"; };
		A6A9D60D20335143006559E1 /* ViewController1.h */ = {isa = PBXFileReference; lastKnownFileType = sourcecode.c.h; path = ViewController1.h; sourceTree = "<group>"; };
		A6A9D60E20335143006559E1 /* ViewController1.m */ = {isa = PBXFileReference; lastKnownFileType = sourcecode.c.objc; path = ViewController1.m; sourceTree = "<group>"; };
/* End PBXFileReference section */

/* Begin PBXFrameworksBuildPhase section */
		A6A9D5D520335131006559E1 /* Frameworks */ = {
			isa = PBXFrameworksBuildPhase;
			buildActionMask = 2147483647;
			files = (
			);
			runOnlyForDeploymentPostprocessing = 0;
		};
		A6A9D5ED20335131006559E1 /* Frameworks */ = {
			isa = PBXFrameworksBuildPhase;
			buildActionMask = 2147483647;
			files = (
			);
			runOnlyForDeploymentPostprocessing = 0;
		};
		A6A9D5F820335131006559E1 /* Frameworks */ = {
			isa = PBXFrameworksBuildPhase;
			buildActionMask = 2147483647;
			files = (
			);
			runOnlyForDeploymentPostprocessing = 0;
		};
/* End PBXFrameworksBuildPhase section */

/* Begin PBXGroup section */
		A6A9D5CF20335131006559E1 = {
			isa = PBXGroup;
			children = (
				A6A9D5DA20335131006559E1 /* Modal跳转 */,
				A6A9D5F320335131006559E1 /* Modal跳转Tests */,
				A6A9D5FE20335131006559E1 /* Modal跳转UITests */,
				A6A9D5D920335131006559E1 /* Products */,
			);
			sourceTree = "<group>";
		};
		A6A9D5D920335131006559E1 /* Products */ = {
			isa = PBXGroup;
			children = (
				A6A9D5D820335131006559E1 /* Modal跳转.app */,
				A6A9D5F020335131006559E1 /* Modal跳转Tests.xctest */,
				A6A9D5FB20335131006559E1 /* Modal跳转UITests.xctest */,
			);
			name = Products;
			sourceTree = "<group>";
		};
		A6A9D5DA20335131006559E1 /* Modal跳转 */ = {
			isa = PBXGroup;
			children = (
				A6A9D5DB20335131006559E1 /* AppDelegate.h */,
				A6A9D5DC20335131006559E1 /* AppDelegate.m */,
				A6A9D5DE20335131006559E1 /* ViewController.h */,
				A6A9D5DF20335131006559E1 /* ViewController.m */,
				A6A9D60D20335143006559E1 /* ViewController1.h */,
				A6A9D60E20335143006559E1 /* ViewController1.m */,
				A6A9D5E120335131006559E1 /* Main.storyboard */,
				A6A9D5E420335131006559E1 /* Assets.xcassets */,
				A6A9D5E620335131006559E1 /* LaunchScreen.storyboard */,
				A6A9D5E920335131006559E1 /* Info.plist */,
				A6A9D5EA20335131006559E1 /* main.m */,
			);
			path = "Modal跳转";
			sourceTree = "<group>";
		};
		A6A9D5F320335131006559E1 /* Modal跳转Tests */ = {
			isa = PBXGroup;
			children = (
				A6A9D5F420335131006559E1 /* Modal__Tests.m */,
				A6A9D5F620335131006559E1 /* Info.plist */,
			);
			path = "Modal跳转Tests";
			sourceTree = "<group>";
		};
		A6A9D5FE20335131006559E1 /* Modal跳转UITests */ = {
			isa = PBXGroup;
			children = (
				A6A9D5FF20335131006559E1 /* Modal__UITests.m */,
				A6A9D60120335131006559E1 /* Info.plist */,
			);
			path = "Modal跳转UITests";
			sourceTree = "<group>";
		};
/* End PBXGroup section */

/* Begin PBXNativeTarget section */
		A6A9D5D720335131006559E1 /* Modal跳转 */ = {
			isa = PBXNativeTarget;
			buildConfigurationList = A6A9D60420335131006559E1 /* Build configuration list for PBXNativeTarget "Modal跳转" */;
			buildPhases = (
				A6A9D5D420335131006559E1 /* Sources */,
				A6A9D5D520335131006559E1 /* Frameworks */,
				A6A9D5D620335131006559E1 /* Resources */,
			);
			buildRules = (
			);
			dependencies = (
			);
			name = "Modal跳转";
			productName = "Modal跳转";
			productReference = A6A9D5D820335131006559E1 /* Modal跳转.app */;
			productType = "com.apple.product-type.application";
		};
		A6A9D5EF20335131006559E1 /* Modal跳转Tests */ = {
			isa = PBXNativeTarget;
			buildConfigurationList = A6A9D60720335131006559E1 /* Build configuration list for PBXNativeTarget "Modal跳转Tests" */;
			buildPhases = (
				A6A9D5EC20335131006559E1 /* Sources */,
				A6A9D5ED20335131006559E1 /* Frameworks */,
				A6A9D5EE20335131006559E1 /* Resources */,
			);
			buildRules = (
			);
			dependencies = (
				A6A9D5F220335131006559E1 /* PBXTargetDependency */,
			);
			name = "Modal跳转Tests";
			productName = "Modal跳转Tests";
			productReference = A6A9D5F020335131006559E1 /* Modal跳转Tests.xctest */;
			productType = "com.apple.product-type.bundle.unit-test";
		};
		A6A9D5FA20335131006559E1 /* Modal跳转UITests */ = {
			isa = PBXNativeTarget;
			buildConfigurationList = A6A9D60A20335131006559E1 /* Build configuration list for PBXNativeTarget "Modal跳转UITests" */;
			buildPhases = (
				A6A9D5F720335131006559E1 /* Sources */,
				A6A9D5F820335131006559E1 /* Frameworks */,
				A6A9D5F920335131006559E1 /* Resources */,
			);
			buildRules = (
			);
			dependencies = (
				A6A9D5FD20335131006559E1 /* PBXTargetDependency */,
			);
			name = "Modal跳转UITests";
			productName = "Modal跳转UITests";
			productReference = A6A9D5FB20335131006559E1 /* Modal跳转UITests.xctest */;
			productType = "com.apple.product-type.bundle.ui-testing";
		};
/* End PBXNativeTarget section */

/* Begin PBXProject section */
		A6A9D5D020335131006559E1 /* Project object */ = {
			isa = PBXProject;
			attributes = {
				LastUpgradeCheck = 0920;
				ORGANIZATIONNAME = jyh;
				TargetAttributes = {
					A6A9D5D720335131006559E1 = {
						CreatedOnToolsVersion = 9.2;
						ProvisioningStyle = Automatic;
					};
					A6A9D5EF20335131006559E1 = {
						CreatedOnToolsVersion = 9.2;
						ProvisioningStyle = Automatic;
						TestTargetID = A6A9D5D720335131006559E1;
					};
					A6A9D5FA20335131006559E1 = {
						CreatedOnToolsVersion = 9.2;
						ProvisioningStyle = Automatic;
						TestTargetID = A6A9D5D720335131006559E1;
					};
				};
			};
			buildConfigurationList = A6A9D5D320335131006559E1 /* Build configuration list for PBXProject "Modal跳转" */;
			compatibilityVersion = "Xcode 8.0";
			developmentRegion = en;
			hasScannedForEncodings = 0;
			knownRegions = (
				en,
				Base,
			);
			mainGroup = A6A9D5CF20335131006559E1;
			productRefGroup = A6A9D5D920335131006559E1 /* Products */;
			projectDirPath = "";
			projectRoot = "";
			targets = (
				A6A9D5D720335131006559E1 /* Modal跳转 */,
				A6A9D5EF20335131006559E1 /* Modal跳转Tests */,
				A6A9D5FA20335131006559E1 /* Modal跳转UITests */,
			);
		};
/* End PBXProject section */

/* Begin PBXResourcesBuildPhase section */
		A6A9D5D620335131006559E1 /* Resources */ = {
			isa = PBXResourcesBuildPhase;
			buildActionMask = 2147483647;
			files = (
				A6A9D5E820335131006559E1 /* LaunchScreen.storyboard in Resources */,
				A6A9D5E520335131006559E1 /* Assets.xcassets in Resources */,
				A6A9D5E320335131006559E1 /* Main.storyboard in Resources */,
			);
			runOnlyForDeploymentPostprocessing = 0;
		};
		A6A9D5EE20335131006559E1 /* Resources */ = {
			isa = PBXResourcesBuildPhase;
			buildActionMask = 2147483647;
			files = (
			);
			runOnlyForDeploymentPostprocessing = 0;
		};
		A6A9D5F920335131006559E1 /* Resources */ = {
			isa = PBXResourcesBuildPhase;
			buildActionMask = 2147483647;
			files = (
			);
			runOnlyForDeploymentPostprocessing = 0;
		};
/* End PBXResourcesBuildPhase section */

/* Begin PBXSourcesBuildPhase section */
		A6A9D5D420335131006559E1 /* Sources */ = {
			isa = PBXSourcesBuildPhase;
			buildActionMask = 2147483647;
			files = (
				A6A9D60F20335143006559E1 /* ViewController1.m in Sources */,
				A6A9D5E020335131006559E1 /* ViewController.m in Sources */,
				A6A9D5EB20335131006559E1 /* main.m in Sources */,
				A6A9D5DD20335131006559E1 /* AppDelegate.m in Sources */,
			);
			runOnlyForDeploymentPostprocessing = 0;
		};
		A6A9D5EC20335131006559E1 /* Sources */ = {
			isa = PBXSourcesBuildPhase;
			buildActionMask = 2147483647;
			files = (
				A6A9D5F520335131006559E1 /* Modal__Tests.m in Sources */,
			);
			runOnlyForDeploymentPostprocessing = 0;
		};
		A6A9D5F720335131006559E1 /* Sources */ = {
			isa = PBXSourcesBuildPhase;
			buildActionMask = 2147483647;
			files = (
				A6A9D60020335131006559E1 /* Modal__UITests.m in Sources */,
			);
			runOnlyForDeploymentPostprocessing = 0;
		};
/* End PBXSourcesBuildPhase section */

/* Begin PBXTargetDependency section */
		A6A9D5F220335131006559E1 /* PBXTargetDependency */ = {
			isa = PBXTargetDependency;
			target = A6A9D5D720335131006559E1 /* Modal跳转 */;
			targetProxy = A6A9D5F120335131006559E1 /* PBXContainerItemProxy */;
		};
		A6A9D5FD20335131006559E1 /* PBXTargetDependency */ = {
			isa = PBXTargetDependency;
			target = A6A9D5D720335131006559E1 /* Modal跳转 */;
			targetProxy = A6A9D5FC20335131006559E1 /* PBXContainerItemProxy */;
		};
/* End PBXTargetDependency section */

/* Begin PBXVariantGroup section */
		A6A9D5E120335131006559E1 /* Main.storyboard */ = {
			isa = PBXVariantGroup;
			children = (
				A6A9D5E220335131006559E1 /* Base */,
			);
			name = Main.storyboard;
			sourceTree = "<group>";
		};
		A6A9D5E620335131006559E1 /* LaunchScreen.storyboard */ = {
			isa = PBXVariantGroup;
			children = (
				A6A9D5E720335131006559E1 /* Base */,
			);
			name = LaunchScreen.storyboard;
			sourceTree = "<group>";
		};
/* End PBXVariantGroup section */

/* Begin XCBuildConfiguration section */
		A6A9D60220335131006559E1 /* Debug */ = {
			isa = XCBuildConfiguration;
			buildSettings = {
				ALWAYS_SEARCH_USER_PATHS = NO;
				CLANG_ANALYZER_NONNULL = YES;
				CLANG_ANALYZER_NUMBER_OBJECT_CONVERSION = YES_AGGRESSIVE;
				CLANG_CXX_LANGUAGE_STANDARD = "gnu++14";
				CLANG_CXX_LIBRARY = "libc++";
				CLANG_ENABLE_MODULES = YES;
				CLANG_ENABLE_OBJC_ARC = YES;
				CLANG_WARN_BLOCK_CAPTURE_AUTORELEASING = YES;
				CLANG_WARN_BOOL_CONVERSION = YES;
				CLANG_WARN_COMMA = YES;
				CLANG_WARN_CONSTANT_CONVERSION = YES;
				CLANG_WARN_DIRECT_OBJC_ISA_USAGE = YES_ERROR;
				CLANG_WARN_DOCUMENTATION_COMMENTS = YES;
				CLANG_WARN_EMPTY_BODY = YES;
				CLANG_WARN_ENUM_CONVERSION = YES;
				CLANG_WARN_INFINITE_RECURSION = YES;
				CLANG_WARN_INT_CONVERSION = YES;
				CLANG_WARN_NON_LITERAL_NULL_CONVERSION = YES;
				CLANG_WARN_OBJC_LITERAL_CONVERSION = YES;
				CLANG_WARN_OBJC_ROOT_CLASS = YES_ERROR;
				CLANG_WARN_RANGE_LOOP_ANALYSIS = YES;
				CLANG_WARN_STRICT_PROTOTYPES = YES;
				CLANG_WARN_SUSPICIOUS_MOVE = YES;
				CLANG_WARN_UNGUARDED_AVAILABILITY = YES_AGGRESSIVE;
				CLANG_WARN_UNREACHABLE_CODE = YES;
				CLANG_WARN__DUPLICATE_METHOD_MATCH = YES;
				CODE_SIGN_IDENTITY = "iPhone Developer";
				COPY_PHASE_STRIP = NO;
				DEBUG_INFORMATION_FORMAT = dwarf;
				ENABLE_STRICT_OBJC_MSGSEND = YES;
				ENABLE_TESTABILITY = YES;
				GCC_C_LANGUAGE_STANDARD = gnu11;
				GCC_DYNAMIC_NO_PIC = NO;
				GCC_NO_COMMON_BLOCKS = YES;
				GCC_OPTIMIZATION_LEVEL = 0;
				GCC_PREPROCESSOR_DEFINITIONS = (
					"DEBUG=1",
					"$(inherited)",
				);
				GCC_WARN_64_TO_32_BIT_CONVERSION = YES;
				GCC_WARN_ABOUT_RETURN_TYPE = YES_ERROR;
				GCC_WARN_UNDECLARED_SELECTOR = YES;
				GCC_WARN_UNINITIALIZED_AUTOS = YES_AGGRESSIVE;
				GCC_WARN_UNUSED_FUNCTION = YES;
				GCC_WARN_UNUSED_VARIABLE = YES;
				IPHONEOS_DEPLOYMENT_TARGET = 11.2;
				MTL_ENABLE_DEBUG_INFO = YES;
				ONLY_ACTIVE_ARCH = YES;
				SDKROOT = iphoneos;
			};
			name = Debug;
		};
		A6A9D60320335131006559E1 /* Release */ = {
			isa = XCBuildConfiguration;
			buildSettings = {
				ALWAYS_SEARCH_USER_PATHS = NO;
				CLANG_ANALYZER_NONNULL = YES;
				CLANG_ANALYZER_NUMBER_OBJECT_CONVERSION = YES_AGGRESSIVE;
				CLANG_CXX_LANGUAGE_STANDARD = "gnu++14";
				CLANG_CXX_LIBRARY = "libc++";
				CLANG_ENABLE_MODULES = YES;
				CLANG_ENABLE_OBJC_ARC = YES;
				CLANG_WARN_BLOCK_CAPTURE_AUTORELEASING = YES;
				CLANG_WARN_BOOL_CONVERSION = YES;
				CLANG_WARN_COMMA = YES;
				CLANG_WARN_CONSTANT_CONVERSION = YES;
				CLANG_WARN_DIRECT_OBJC_ISA_USAGE = YES_ERROR;
				CLANG_WARN_DOCUMENTATION_COMMENTS = YES;
				CLANG_WARN_EMPTY_BODY = YES;
				CLANG_WARN_ENUM_CONVERSION = YES;
				CLANG_WARN_INFINITE_RECURSION = YES;
				CLANG_WARN_INT_CONVERSION = YES;
				CLANG_WARN_NON_LITERAL_NULL_CONVERSION = YES;
				CLANG_WARN_OBJC_LITERAL_CONVERSION = YES;
				CLANG_WARN_OBJC_ROOT_CLASS = YES_ERROR;
				CLANG_WARN_RANGE_LOOP_ANALYSIS = YES;
				CLANG_WARN_STRICT_PROTOTYPES = YES;
				CLANG_WARN_SUSPICIOUS_MOVE = YES;
				CLANG_WARN_UNGUARDED_AVAILABILITY = YES_AGGRESSIVE;
				CLANG_WARN_UNREACHABLE_CODE = YES;
				CLANG_WARN__DUPLICATE_METHOD_MATCH = YES;
				CODE_SIGN_IDENTITY = "iPhone Developer";
				COPY_PHASE_STRIP = NO;
				DEBUG_INFORMATION_FORMAT = "dwarf-with-dsym";
				ENABLE_NS_ASSERTIONS = NO;
				ENABLE_STRICT_OBJC_MSGSEND = YES;
				GCC_C_LANGUAGE_STANDARD = gnu11;
				GCC_NO_COMMON_BLOCKS = YES;
				GCC_WARN_64_TO_32_BIT_CONVERSION = YES;
				GCC_WARN_ABOUT_RETURN_TYPE = YES_ERROR;
				GCC_WARN_UNDECLARED_SELECTOR = YES;
				GCC_WARN_UNINITIALIZED_AUTOS = YES_AGGRESSIVE;
				GCC_WARN_UNUSED_FUNCTION = YES;
				GCC_WARN_UNUSED_VARIABLE = YES;
				IPHONEOS_DEPLOYMENT_TARGET = 11.2;
				MTL_ENABLE_DEBUG_INFO = NO;
				SDKROOT = iphoneos;
				VALIDATE_PRODUCT = YES;
			};
			name = Release;
		};
		A6A9D60520335131006559E1 /* Debug */ = {
			isa = XCBuildConfiguration;
			buildSettings = {
				ASSETCATALOG_COMPILER_APPICON_NAME = AppIcon;
				CODE_SIGN_STYLE = Automatic;
				INFOPLIST_FILE = "Modal跳转/Info.plist";
				LD_RUNPATH_SEARCH_PATHS = "$(inherited) @executable_path/Frameworks";
				PRODUCT_BUNDLE_IDENTIFIER = "com.huihui.aa.Modal--";
				PRODUCT_NAME = "$(TARGET_NAME)";
				TARGETED_DEVICE_FAMILY = "1,2";
			};
			name = Debug;
		};
		A6A9D60620335131006559E1 /* Release */ = {
			isa = XCBuildConfiguration;
			buildSettings = {
				ASSETCATALOG_COMPILER_APPICON_NAME = AppIcon;
				CODE_SIGN_STYLE = Automatic;
				INFOPLIST_FILE = "Modal跳转/Info.plist";
				LD_RUNPATH_SEARCH_PATHS = "$(inherited) @executable_path/Frameworks";
				PRODUCT_BUNDLE_IDENTIFIER = "com.huihui.aa.Modal--";
				PRODUCT_NAME = "$(TARGET_NAME)";
				TARGETED_DEVICE_FAMILY = "1,2";
			};
			name = Release;
		};
		A6A9D60820335131006559E1 /* Debug */ = {
			isa = XCBuildConfiguration;
			buildSettings = {
				BUNDLE_LOADER = "$(TEST_HOST)";
				CODE_SIGN_STYLE = Automatic;
				INFOPLIST_FILE = "Modal跳转Tests/Info.plist";
				LD_RUNPATH_SEARCH_PATHS = "$(inherited) @executable_path/Frameworks @loader_path/Frameworks";
				PRODUCT_BUNDLE_IDENTIFIER = "com.huihui.aa.Modal--Tests";
				PRODUCT_NAME = "$(TARGET_NAME)";
				TARGETED_DEVICE_FAMILY = "1,2";
				TEST_HOST = "$(BUILT_PRODUCTS_DIR)/Modal跳转.app/Modal跳转";
			};
			name = Debug;
		};
		A6A9D60920335131006559E1 /* Release */ = {
			isa = XCBuildConfiguration;
			buildSettings = {
				BUNDLE_LOADER = "$(TEST_HOST)";
				CODE_SIGN_STYLE = Automatic;
				INFOPLIST_FILE = "Modal跳转Tests/Info.plist";
				LD_RUNPATH_SEARCH_PATHS = "$(inherited) @executable_path/Frameworks @loader_path/Frameworks";
				PRODUCT_BUNDLE_IDENTIFIER = "com.huihui.aa.Modal--Tests";
				PRODUCT_NAME = "$(TARGET_NAME)";
				TARGETED_DEVICE_FAMILY = "1,2";
				TEST_HOST = "$(BUILT_PRODUCTS_DIR)/Modal跳转.app/Modal跳转";
			};
			name = Release;
		};
		A6A9D60B20335131006559E1 /* Debug */ = {
			isa = XCBuildConfiguration;
			buildSettings = {
				CODE_SIGN_STYLE = Automatic;
				INFOPLIST_FILE = "Modal跳转UITests/Info.plist";
				LD_RUNPATH_SEARCH_PATHS = "$(inherited) @executable_path/Frameworks @loader_path/Frameworks";
				PRODUCT_BUNDLE_IDENTIFIER = "com.huihui.aa.Modal--UITests";
				PRODUCT_NAME = "$(TARGET_NAME)";
				TARGETED_DEVICE_FAMILY = "1,2";
				TEST_TARGET_NAME = "Modal跳转";
			};
			name = Debug;
		};
		A6A9D60C20335131006559E1 /* Release */ = {
			isa = XCBuildConfiguration;
			buildSettings = {
				CODE_SIGN_STYLE = Automatic;
				INFOPLIST_FILE = "Modal跳转UITests/Info.plist";
				LD_RUNPATH_SEARCH_PATHS = "$(inherited) @executable_path/Frameworks @loader_path/Frameworks";
				PRODUCT_BUNDLE_IDENTIFIER = "com.huihui.aa.Modal--UITests";
				PRODUCT_NAME = "$(TARGET_NAME)";
				TARGETED_DEVICE_FAMILY = "1,2";
				TEST_TARGET_NAME = "Modal跳转";
			};
			name = Release;
		};
/* End XCBuildConfiguration section */

/* Begin XCConfigurationList section */
		A6A9D5D320335131006559E1 /* Build configuration list for PBXProject "Modal跳转" */ = {
			isa = XCConfigurationList;
			buildConfigurations = (
				A6A9D60220335131006559E1 /* Debug */,
				A6A9D60320335131006559E1 /* Release */,
			);
			defaultConfigurationIsVisible = 0;
			defaultConfigurationName = Release;
		};
		A6A9D60420335131006559E1 /* Build configuration list for PBXNativeTarget "Modal跳转" */ = {
			isa = XCConfigurationList;
			buildConfigurations = (
				A6A9D60520335131006559E1 /* Debug */,
				A6A9D60620335131006559E1 /* Release */,
			);
			defaultConfigurationIsVisible = 0;
			defaultConfigurationName = Release;
		};
		A6A9D60720335131006559E1 /* Build configuration list for PBXNativeTarget "Modal跳转Tests" */ = {
			isa = XCConfigurationList;
			buildConfigurations = (
				A6A9D60820335131006559E1 /* Debug */,
				A6A9D60920335131006559E1 /* Release */,
			);
			defaultConfigurationIsVisible = 0;
			defaultConfigurationName = Release;
		};
		A6A9D60A20335131006559E1 /* Build configuration list for PBXNativeTarget "Modal跳转UITests" */ = {
			isa = XCConfigurationList;
			buildConfigurations = (
				A6A9D60B20335131006559E1 /* Debug */,
				A6A9D60C20335131006559E1 /* Release */,
			);
			defaultConfigurationIsVisible = 0;
			defaultConfigurationName = Release;
		};
/* End XCConfigurationList section */
	};
	rootObject = A6A9D5D020335131006559E1 /* Project object */;
}
